<?xml version="1.0" encoding="utf-8"?>
<Project ToolsVersion="4.0" xmlns="http://schemas.microsoft.com/developer/msbuild/2003">
  <ItemGroup>
    <Filter Include="소스 파일">
      <UniqueIdentifier>{4FC737F1-C7A5-4376-A066-2A32D752A2FF}</UniqueIdentifier>
      <Extensions>cpp;c;cc;cxx;c++;def;odl;idl;hpj;bat;asm;asmx</Extensions>
    </Filter>
    <Filter Include="헤더 파일">
      <UniqueIdentifier>{93995380-89BD-4b04-88EB-625FBE52EBFB}</UniqueIdentifier>
      <Extensions>h;hh;hpp;hxx;h++;hm;inl;inc;ipp;xsd</Extensions>
    </Filter>
    <Filter Include="리소스 파일">
      <UniqueIdentifier>{67DA6AB6-F800-4c08-8B7A-83BB121AAD01}</UniqueIdentifier>
      <Extensions>rc;ico;cur;bmp;dlg;rc2;rct;bin;rgs;gif;jpg;jpeg;jpe;resx;tiff;tif;png;wav;mfcribbon-ms</Extensions>
    </Filter>
    <Filter Include="소스 파일\chapter02">
      <UniqueIdentifier>{994db832-6b62-434e-9b20-d56bf61d2809}</UniqueIdentifier>
    </Filter>
    <Filter Include="소스 파일\chapter02\03.MBCS_UNICODE">
      <UniqueIdentifier>{8f171652-1d0a-4ce7-adcd-b3ef4fe12fc7}</UniqueIdentifier>
    </Filter>
    <Filter Include="소스 파일\chapter02\04.WBCS01">
      <UniqueIdentifier>{01ec7eb5-8bbe-414f-8838-a16b1cc4a916}</UniqueIdentifier>
    </Filter>
    <Filter Include="소스 파일\chapter02\01.MBCS01">
      <UniqueIdentifier>{bf64ae02-535b-4008-be3a-c0a18eb14d55}</UniqueIdentifier>
    </Filter>
    <Filter Include="소스 파일\chapter02\02.MBCS01">
      <UniqueIdentifier>{79906d0a-3c39-409a-8176-172f3e8b9368}</UniqueIdentifier>
    </Filter>
    <Filter Include="소스 파일\chapter02\05.WBCS02">
      <UniqueIdentifier>{e2c7f2f5-e9d2-49af-87e8-58d310a1576a}</UniqueIdentifier>
    </Filter>
    <Filter Include="소스 파일\chapter02\06.WBCS03">
      <UniqueIdentifier>{fa994422-a750-47d5-ad0f-37d8cf1f9ae1}</UniqueIdentifier>
    </Filter>
    <Filter Include="소스 파일\chapter02\07.WBCS04">
      <UniqueIdentifier>{1ef7e1a3-162c-4f85-9c14-ce9fd7e8294f}</UniqueIdentifier>
    </Filter>
    <Filter Include="소스 파일\chapter02\08.prompt">
      <UniqueIdentifier>{d2295d68-4a2e-4bb2-87c8-e8f620e0f85c}</UniqueIdentifier>
    </Filter>
    <Filter Include="소스 파일\chapter06">
      <UniqueIdentifier>{5d44bb2b-a839-4c88-9754-1f31bd222f14}</UniqueIdentifier>
    </Filter>
    <Filter Include="소스 파일\chapter06\01.Operation1">
      <UniqueIdentifier>{23f258f3-277c-4911-8eb3-55363ae37d48}</UniqueIdentifier>
    </Filter>
    <Filter Include="소스 파일\chapter06\02.KerObjShare">
      <UniqueIdentifier>{e21564d3-a29a-467a-af05-591ff0d6117c}</UniqueIdentifier>
    </Filter>
    <Filter Include="소스 파일\chapter06\03.KernelObjProb1">
      <UniqueIdentifier>{314f49f6-6777-4c7d-8cee-91d02e5aafaa}</UniqueIdentifier>
    </Filter>
    <Filter Include="소스 파일\chapter06\04.KernelObjProb2">
      <UniqueIdentifier>{8420ab17-829e-4db0-ae2a-37c27f5fe0a3}</UniqueIdentifier>
    </Filter>
    <Filter Include="소스 파일\chapter06\05.OperationStateParent">
      <UniqueIdentifier>{a8440e52-48d0-4b08-aff8-62ca43958a62}</UniqueIdentifier>
    </Filter>
    <Filter Include="소스 파일\chapter05">
      <UniqueIdentifier>{54cea3d6-c8f1-4119-8bdb-cea6e2f32421}</UniqueIdentifier>
    </Filter>
    <Filter Include="소스 파일\chapter05\01.AdderProcess">
      <UniqueIdentifier>{0dd40e1a-1568-4f41-94cc-7d31b6a06ea8}</UniqueIdentifier>
    </Filter>
    <Filter Include="소스 파일\chapter05\02.GetSystemDirectory">
      <UniqueIdentifier>{3370694b-d9b0-4437-ac52-ac8c48f9cfb4}</UniqueIdentifier>
    </Filter>
    <Filter Include="소스 파일\chapter05\03.Calculator">
      <UniqueIdentifier>{634885f0-239a-451c-8ede-a4c540208e7c}</UniqueIdentifier>
    </Filter>
    <Filter Include="소스 파일\chapter05\04.prompt">
      <UniqueIdentifier>{681d238b-6c2f-41ab-9f1b-ebf4035d2edb}</UniqueIdentifier>
    </Filter>
    <Filter Include="소스 파일\chapter06\06.Calculator2">
      <UniqueIdentifier>{c6e07cb0-30ba-4837-a4da-03a831534588}</UniqueIdentifier>
    </Filter>
    <Filter Include="소스 파일\chapter06\07.CommandPrompt">
      <UniqueIdentifier>{5a10de5e-f320-4f62-a747-4c4acb88c028}</UniqueIdentifier>
    </Filter>
    <Filter Include="소스 파일\chapter07">
      <UniqueIdentifier>{808ef64d-7fc5-4529-8cf4-d142a97899e5}</UniqueIdentifier>
    </Filter>
    <Filter Include="소스 파일\chapter07\01.MailReceiver">
      <UniqueIdentifier>{380e190b-9939-47e2-b6eb-fc53efd2face}</UniqueIdentifier>
    </Filter>
    <Filter Include="소스 파일\chapter07\02.MailSender">
      <UniqueIdentifier>{cf0b24ba-6ee8-45da-b623-576db73d5014}</UniqueIdentifier>
    </Filter>
    <Filter Include="소스 파일\chapter07\04.PartAdder">
      <UniqueIdentifier>{4a47238b-a3f4-4b74-bd93-b4bf38e58751}</UniqueIdentifier>
    </Filter>
    <Filter Include="소스 파일\chapter07\06.AdderManager">
      <UniqueIdentifier>{94418d9e-b5fb-4722-8e9b-b2afc4c1fa4e}</UniqueIdentifier>
    </Filter>
    <Filter Include="소스 파일\chapter08">
      <UniqueIdentifier>{a3a1c0cc-5c0f-4fba-938d-0c15784c5a42}</UniqueIdentifier>
    </Filter>
    <Filter Include="소스 파일\chapter08\01.MailSender">
      <UniqueIdentifier>{363a740b-23ac-442e-8a61-96420b5a1602}</UniqueIdentifier>
    </Filter>
    <Filter Include="소스 파일\chapter08\02.DuplicateHandle">
      <UniqueIdentifier>{6669b36e-c466-4ca2-bb9f-1997fdd30c84}</UniqueIdentifier>
    </Filter>
    <Filter Include="소스 파일\chapter08\03.anonymous_pipe">
      <UniqueIdentifier>{d842bc3e-6cee-4c14-ba22-2bf14cbfd738}</UniqueIdentifier>
    </Filter>
    <Filter Include="소스 파일\chapter08\04.namedpipe">
      <UniqueIdentifier>{fd859532-2bd7-47b0-869a-bfdc86881ad8}</UniqueIdentifier>
    </Filter>
    <Filter Include="소스 파일\chapter08\05.EnvParent">
      <UniqueIdentifier>{1b7704be-2562-4b17-83c0-3e5d964a7d83}</UniqueIdentifier>
    </Filter>
    <Filter Include="소스 파일\chapter08\06.ListProcessInfo">
      <UniqueIdentifier>{69b90cc3-bb6d-421e-af65-ef5614f89038}</UniqueIdentifier>
    </Filter>
    <Filter Include="소스 파일\chapter08\07.commandPrmpt_Four">
      <UniqueIdentifier>{343c3dc3-f955-4ca6-9872-6d2dd1c98123}</UniqueIdentifier>
    </Filter>
  </ItemGroup>
  <ItemGroup>
    <ClCompile Include="chapter02\02.MBCS2\mbcs2.c">
      <Filter>소스 파일\chapter02\02.MBCS01</Filter>
    </ClCompile>
    <ClCompile Include="chapter02\01.MBCS1\mbcs1.cpp">
      <Filter>소스 파일\chapter02\01.MBCS01</Filter>
    </ClCompile>
    <ClCompile Include="chapter02\03.MBCS_Unicode\mbcs_unicode.c">
      <Filter>소스 파일\chapter02\03.MBCS_UNICODE</Filter>
    </ClCompile>
    <ClCompile Include="chapter02\04.WBCS1\wbcs1.c">
      <Filter>소스 파일\chapter02\04.WBCS01</Filter>
    </ClCompile>
    <ClCompile Include="chapter02\05.WBCS2\wbcs2.c">
      <Filter>소스 파일\chapter02\05.WBCS02</Filter>
    </ClCompile>
    <ClCompile Include="chapter02\06.WBCS3\wbcs3.c">
      <Filter>소스 파일\chapter02\06.WBCS03</Filter>
    </ClCompile>
    <ClCompile Include="chapter02\07.WBCS4\wbcs4.c">
      <Filter>소스 파일\chapter02\07.WBCS04</Filter>
    </ClCompile>
    <ClCompile Include="chapter05\01.AdderProcess\AdderProcess.c">
      <Filter>소스 파일\chapter05\01.AdderProcess</Filter>
    </ClCompile>
    <ClCompile Include="chapter05\01.AdderProcess\CreateProcess.c">
      <Filter>소스 파일\chapter05\01.AdderProcess</Filter>
    </ClCompile>
    <ClCompile Include="chapter05\02.GetSystemDirectory\GetSystemDirectory.c">
      <Filter>소스 파일\chapter05\02.GetSystemDirectory</Filter>
    </ClCompile>
    <ClCompile Include="chapter05\03.Calculator\calculator.cpp">
      <Filter>소스 파일\chapter05\03.Calculator</Filter>
    </ClCompile>
    <ClCompile Include="chapter05\04.prompt\prompt.c">
      <Filter>소스 파일\chapter05\04.prompt</Filter>
    </ClCompile>
    <ClCompile Include="chapter02\08.prompt\prompt.c">
      <Filter>소스 파일\chapter02\08.prompt</Filter>
    </ClCompile>
    <ClCompile Include="chapter06\1.Operation1\Operation1.c">
      <Filter>소스 파일\chapter06\01.Operation1</Filter>
    </ClCompile>
    <ClCompile Include="chapter06\1.Operation1\Opertaion2.c">
      <Filter>소스 파일\chapter06\01.Operation1</Filter>
    </ClCompile>
    <ClCompile Include="chapter06\02.KerObjShare\KerObjShare.cpp">
      <Filter>소스 파일\chapter06\02.KerObjShare</Filter>
    </ClCompile>
    <ClCompile Include="chapter06\03.KernelObjProb1\KernelObjProb1.cpp">
      <Filter>소스 파일\chapter06\03.KernelObjProb1</Filter>
    </ClCompile>
    <ClCompile Include="chapter06\04.KernelObjProb2\KernelObjProb2.cpp">
      <Filter>소스 파일\chapter06\04.KernelObjProb2</Filter>
    </ClCompile>
    <ClCompile Include="chapter06\05.OperationStateParent\OperationStateParent.cpp">
      <Filter>소스 파일\chapter06\05.OperationStateParent</Filter>
    </ClCompile>
    <ClCompile Include="chapter06\05.OperationStateParent\OperationStateChild.cpp">
      <Filter>소스 파일\chapter06\05.OperationStateParent</Filter>
    </ClCompile>
    <ClCompile Include="chapter06\06.Calculator2\Calculator2.cpp">
      <Filter>소스 파일\chapter06\06.Calculator2</Filter>
    </ClCompile>
    <ClCompile Include="chapter06\07.CommandPrompt\CommandPrompt.cpp">
      <Filter>소스 파일\chapter06\07.CommandPrompt</Filter>
    </ClCompile>
    <ClCompile Include="chapter07\01.MailReceiver\MainReceiver.cpp">
      <Filter>소스 파일\chapter07\01.MailReceiver</Filter>
    </ClCompile>
    <ClCompile Include="chapter07\02.MailSender\MailSender.cpp">
      <Filter>소스 파일\chapter07\02.MailSender</Filter>
    </ClCompile>
    <ClCompile Include="chapter07\04.PartAdder\PartAdder.cpp">
      <Filter>소스 파일\chapter07\04.PartAdder</Filter>
    </ClCompile>
    <ClCompile Include="chapter07\04.PartAdder\NonStopAdderManager.cpp">
      <Filter>소스 파일\chapter07\04.PartAdder</Filter>
    </ClCompile>
    <ClCompile Include="chapter07\06.AdderManager\AdderManager.cpp">
      <Filter>소스 파일\chapter07\06.AdderManager</Filter>
    </ClCompile>
    <ClCompile Include="chapter08\01.MailSender02\MailReceiver.cpp">
      <Filter>소스 파일\chapter08\01.MailSender</Filter>
    </ClCompile>
    <ClCompile Include="chapter08\01.MailSender02\MailSender.cpp">
      <Filter>소스 파일\chapter08\01.MailSender</Filter>
    </ClCompile>
    <ClCompile Include="chapter08\01.MailSender02\MailSender2_2.cpp">
      <Filter>소스 파일\chapter08\01.MailSender</Filter>
    </ClCompile>
    <ClCompile Include="chapter08\02.DuplicateHandle\DuplicateHandle.cpp">
      <Filter>소스 파일\chapter08\02.DuplicateHandle</Filter>
    </ClCompile>
    <ClCompile Include="chapter08\02.DuplicateHandle\DuplicateHandleChildProcess.cpp">
      <Filter>소스 파일\chapter08\02.DuplicateHandle</Filter>
    </ClCompile>
    <ClCompile Include="chapter08\03.anonymous_pipe\anonymous_pip.cpp">
      <Filter>소스 파일\chapter08\03.anonymous_pipe</Filter>
    </ClCompile>
    <ClCompile Include="chapter08\04.namedpipe_server\namedpipe_server.cpp">
      <Filter>소스 파일\chapter08\04.namedpipe</Filter>
    </ClCompile>
    <ClCompile Include="chapter08\04.namedpipe_server\namedpipe_client.cpp">
      <Filter>소스 파일\chapter08\04.namedpipe</Filter>
    </ClCompile>
    <ClCompile Include="chapter08\05.EnvParent\EnvParent.cpp">
      <Filter>소스 파일\chapter08\05.EnvParent</Filter>
    </ClCompile>
    <ClCompile Include="chapter08\05.EnvParent\EnvChild.cpp">
      <Filter>소스 파일\chapter08\05.EnvParent</Filter>
    </ClCompile>
    <ClCompile Include="chapter08\06.ListProcessInfo\ListProcessInfo.cpp">
      <Filter>소스 파일\chapter08\06.ListProcessInfo</Filter>
    </ClCompile>
    <ClCompile Include="chapter08\07.CommandPrmpt_Four\CommandPrmpt_Four.cpp">
      <Filter>소스 파일\chapter08\07.commandPrmpt_Four</Filter>
    </ClCompile>
  </ItemGroup>
</Project>